// !$*UTF8*$!
{
	archiveVersion = 1;
	classes = {
	};
	objectVersion = 46;
	objects = {

/* Begin PBXBuildFile section */
		C48921641BBDFA6F00314D6C /* main.m in Sources */ = {isa = PBXBuildFile; fileRef = C48921631BBDFA6F00314D6C /* main.m */; };
		C48921671BBDFA6F00314D6C /* AppDelegate.m in Sources */ = {isa = PBXBuildFile; fileRef = C48921661BBDFA6F00314D6C /* AppDelegate.m */; };
		C489216A1BBDFA6F00314D6C /* TipViewController.m in Sources */ = {isa = PBXBuildFile; fileRef = C48921691BBDFA6F00314D6C /* TipViewController.m */; };
		C489216D1BBDFA6F00314D6C /* Main.storyboard in Resources */ = {isa = PBXBuildFile; fileRef = C489216B1BBDFA6F00314D6C /* Main.storyboard */; };
		C489216F1BBDFA6F00314D6C /* Assets.xcassets in Resources */ = {isa = PBXBuildFile; fileRef = C489216E1BBDFA6F00314D6C /* Assets.xcassets */; };
		C48921721BBDFA6F00314D6C /* LaunchScreen.storyboard in Resources */ = {isa = PBXBuildFile; fileRef = C48921701BBDFA6F00314D6C /* LaunchScreen.storyboard */; };
/* End PBXBuildFile section */

/* Begin PBXFileReference section */
		C489215F1BBDFA6F00314D6C /* TipCalculator.app */ = {isa = PBXFileReference; explicitFileType = wrapper.application; includeInIndex = 0; path = TipCalculator.app; sourceTree = BUILT_PRODUCTS_DIR; };
		C48921631BBDFA6F00314D6C /* main.m */ = {isa = PBXFileReference; lastKnownFileType = sourcecode.c.objc; path = main.m; sourceTree = "<group>"; };
		C48921651BBDFA6F00314D6C /* AppDelegate.h */ = {isa = PBXFileReference; lastKnownFileType = sourcecode.c.h; path = AppDelegate.h; sourceTree = "<group>"; };
		C48921661BBDFA6F00314D6C /* AppDelegate.m */ = {isa = PBXFileReference; lastKnownFileType = sourcecode.c.objc; path = AppDelegate.m; sourceTree = "<group>"; };
		C48921681BBDFA6F00314D6C /* TipViewController.h */ = {isa = PBXFileReference; lastKnownFileType = sourcecode.c.h; path = TipViewController.h; sourceTree = "<group>"; };
		C48921691BBDFA6F00314D6C /* TipViewController.m */ = {isa = PBXFileReference; lastKnownFileType = sourcecode.c.objc; path = TipViewController.m; sourceTree = "<group>"; };
		C489216C1BBDFA6F00314D6C /* Base */ = {isa = PBXFileReference; lastKnownFileType = file.storyboard; name = Base; path = Base.lproj/Main.storyboard; sourceTree = "<group>"; };
		C489216E1BBDFA6F00314D6C /* Assets.xcassets */ = {isa = PBXFileReference; lastKnownFileType = folder.assetcatalog; path = Assets.xcassets; sourceTree = "<group>"; };
		C48921711BBDFA6F00314D6C /* Base */ = {isa = PBXFileReference; lastKnownFileType = file.storyboard; name = Base; path = Base.lproj/LaunchScreen.storyboard; sourceTree = "<group>"; };
		C48921731BBDFA6F00314D6C /* Info.plist */ = {isa = PBXFileReference; lastKnownFileType = text.plist.xml; path = Info.plist; sourceTree = "<group>"; };
/* End PBXFileReference section */

/* Begin PBXFrameworksBuildPhase section */
		C489215C1BBDFA6E00314D6C /* Frameworks */ = {
			isa = PBXFrameworksBuildPhase;
			buildActionMask = 2147483647;
			files = (
			);
			runOnlyForDeploymentPostprocessing = 0;
		};
/* End PBXFrameworksBuildPhase section */

/* Begin PBXGroup section */
		C48921561BBDFA6E00314D6C = {
			isa = PBXGroup;
			children = (
				C48921611BBDFA6F00314D6C /* TipCalculator */,
				C48921601BBDFA6F00314D6C /* Products */,
			);
			sourceTree = "<group>";
		};
		C48921601BBDFA6F00314D6C /* Products */ = {
			isa = PBXGroup;
			children = (
				C489215F1BBDFA6F00314D6C /* TipCalculator.app */,
			);
			name = Products;
			sourceTree = "<group>";
		};
		C48921611BBDFA6F00314D6C /* TipCalculator */ = {
			isa = PBXGroup;
			children = (
				C48921651BBDFA6F00314D6C /* AppDelegate.h */,
				C48921661BBDFA6F00314D6C /* AppDelegate.m */,
				C48921681BBDFA6F00314D6C /* TipViewController.h */,
				C48921691BBDFA6F00314D6C /* TipViewController.m */,
				C489216B1BBDFA6F00314D6C /* Main.storyboard */,
				C489216E1BBDFA6F00314D6C /* Assets.xcassets */,
				C48921701BBDFA6F00314D6C /* LaunchScreen.storyboard */,
				C48921731BBDFA6F00314D6C /* Info.plist */,
				C48921621BBDFA6F00314D6C /* Supporting Files */,
			);
			path = TipCalculator;
			sourceTree = "<group>";
		};
		C48921621BBDFA6F00314D6C /* Supporting Files */ = {
			isa = PBXGroup;
			children = (
				C48921631BBDFA6F00314D6C /* main.m */,
			);
			name = "Supporting Files";
			sourceTree = "<group>";
		};
/* End PBXGroup section */

/* Begin PBXNativeTarget section */
		C489215E1BBDFA6E00314D6C /* TipCalculator */ = {
			isa = PBXNativeTarget;
			buildConfigurationList = C48921761BBDFA6F00314D6C /* Build configuration list for PBXNativeTarget "TipCalculator" */;
			buildPhases = (
				C489215B1BBDFA6E00314D6C /* Sources */,
				C489215C1BBDFA6E00314D6C /* Frameworks */,
				C489215D1BBDFA6E00314D6C /* Resources */,
			);
			buildRules = (
			);
			dependencies = (
			);
			name = TipCalculator;
			productName = TipCalculator;
			productReference = C489215F1BBDFA6F00314D6C /* TipCalculator.app */;
			productType = "com.apple.product-type.application";
		};
/* End PBXNativeTarget section */

/* Begin PBXProject section */
		C48921571BBDFA6E00314D6C /* Project object */ = {
			isa = PBXProject;
			attributes = {
				LastUpgradeCheck = 0700;
				ORGANIZATIONNAME = "Michael Hines";
				TargetAttributes = {
					C489215E1BBDFA6E00314D6C = {
						CreatedOnToolsVersion = 7.0.1;
					};
				};
			};
			buildConfigurationList = C489215A1BBDFA6E00314D6C /* Build configuration list for PBXProject "TipCalculator" */;
			compatibilityVersion = "Xcode 3.2";
			developmentRegion = English;
			hasScannedForEncodings = 0;
			knownRegions = (
				en,
				Base,
			);
			mainGroup = C48921561BBDFA6E00314D6C;
			productRefGroup = C48921601BBDFA6F00314D6C /* Products */;
			projectDirPath = "";
			projectRoot = "";
			targets = (
				C489215E1BBDFA6E00314D6C /* TipCalculator */,
			);
		};
/* End PBXProject section */

/* Begin PBXResourcesBuildPhase section */
		C489215D1BBDFA6E00314D6C /* Resources */ = {
			isa = PBXResourcesBuildPhase;
			buildActionMask = 2147483647;
			files = (
				C48921721BBDFA6F00314D6C /* LaunchScreen.storyboard in Resources */,
				C489216F1BBDFA6F00314D6C /* Assets.xcassets in Resources */,
				C489216D1BBDFA6F00314D6C /* Main.storyboard in Resources */,
			);
			runOnlyForDeploymentPostprocessing = 0;
		};
/* End PBXResourcesBuildPhase section */

/* Begin PBXSourcesBuildPhase section */
		C489215B1BBDFA6E00314D6C /* Sources */ = {
			isa = PBXSourcesBuildPhase;
			buildActionMask = 2147483647;
			files = (
				C489216A1BBDFA6F00314D6C /* TipViewController.m in Sources */,
				C48921671BBDFA6F00314D6C /* AppDelegate.m in Sources */,
				C48921641BBDFA6F00314D6C /* main.m in Sources */,
			);
			runOnlyForDeploymentPostprocessing = 0;
		};
/* End PBXSourcesBuildPhase section */

/* Begin PBXVariantGroup section */
		C489216B1BBDFA6F00314D6C /* Main.storyboard */ = {
			isa = PBXVariantGroup;
			children = (
				C489216C1BBDFA6F00314D6C /* Base */,
			);
			name = Main.storyboard;
			sourceTree = "<group>";
		};
		C48921701BBDFA6F00314D6C /* LaunchScreen.storyboard */ = {
			isa = PBXVariantGroup;
			children = (
				C48921711BBDFA6F00314D6C /* Base */,
			);
			name = LaunchScreen.storyboard;
			sourceTree = "<group>";
		};
/* End PBXVariantGroup section */

/* Begin XCBuildConfiguration section */
		C48921741BBDFA6F00314D6C /* Debug */ = {
			isa = XCBuildConfiguration;
			buildSettings = {
				ALWAYS_SEARCH_USER_PATHS = NO;
				CLANG_CXX_LANGUAGE_STANDARD = "gnu++0x";
				CLANG_CXX_LIBRARY = "libc++";
				CLANG_ENABLE_MODULES = YES;
				CLANG_ENABLE_OBJC_ARC = YES;
				CLANG_WARN_BOOL_CONVERSION = YES;
				CLANG_WARN_CONSTANT_CONVERSION = YES;
				CLANG_WARN_DIRECT_OBJC_ISA_USAGE = YES_ERROR;
				CLANG_WARN_EMPTY_BODY = YES;
				CLANG_WARN_ENUM_CONVERSION = YES;
				CLANG_WARN_INT_CONVERSION = YES;
				CLANG_WARN_OBJC_ROOT_CLASS = YES_ERROR;
				CLANG_WARN_UNREACHABLE_CODE = YES;
				CLANG_WARN__DUPLICATE_METHOD_MATCH = YES;
				"CODE_SIGN_IDENTITY[sdk=iphoneos*]" = "iPhone Developer";
				COPY_PHASE_STRIP = NO;
				DEBUG_INFORMATION_FORMAT = dwarf;
				ENABLE_STRICT_OBJC_MSGSEND = YES;
				ENABLE_TESTABILITY = YES;
				GCC_C_LANGUAGE_STANDARD = gnu99;
				GCC_DYNAMIC_NO_PIC = NO;
				GCC_NO_COMMON_BLOCKS = YES;
				GCC_OPTIMIZATION_LEVEL = 0;
				GCC_PREPROCESSOR_DEFINITIONS = (
					"DEBUG=1",
					"$(inherited)",
				);
				GCC_WARN_64_TO_32_BIT_CONVERSION = YES;
				GCC_WARN_ABOUT_RETURN_TYPE = YES_ERROR;
				GCC_WARN_UNDECLARED_SELECTOR = YES;
				GCC_WARN_UNINITIALIZED_AUTOS = YES_AGGRESSIVE;
				GCC_WARN_UNUSED_FUNCTION = YES;
				GCC_WARN_UNUSED_VARIABLE = YES;
				IPHONEOS_DEPLOYMENT_TARGET = 9.0;
				MTL_ENABLE_DEBUG_INFO = YES;
				ONLY_ACTIVE_ARCH = YES;
				SDKROOT = iphoneos;
				TARGETED_DEVICE_FAMILY = "1,2";
			};
			name = Debug;
		};
		C48921751BBDFA6F00314D6C /* Release */ = {
			isa = XCBuildConfiguration;
			buildSettings = {
				ALWAYS_SEARCH_USER_PATHS = NO;
				CLANG_CXX_LANGUAGE_STANDARD = "gnu++0x";
				CLANG_CXX_LIBRARY = "libc++";
				CLANG_ENABLE_MODULES = YES;
				CLANG_ENABLE_OBJC_ARC = YES;
				CLANG_WARN_BOOL_CONVERSION = YES;
				CLANG_WARN_CONSTANT_CONVERSION = YES;
				CLANG_WARN_DIRECT_OBJC_ISA_USAGE = YES_ERROR;
				CLANG_WARN_EMPTY_BODY = YES;
				CLANG_WARN_ENUM_CONVERSION = YES;
				CLANG_WARN_INT_CONVERSION = YES;
				CLANG_WARN_OBJC_ROOT_CLASS = YES_ERROR;
				CLANG_WARN_UNREACHABLE_CODE = YES;
				CLANG_WARN__DUPLICATE_METHOD_MATCH = YES;
				"CODE_SIGN_IDENTITY[sdk=iphoneos*]" = "iPhone Developer";
				COPY_PHASE_STRIP = NO;
				DEBUG_INFORMATION_FORMAT = "dwarf-with-dsym";
				ENABLE_NS_ASSERTIONS = NO;
				ENABLE_STRICT_OBJC_MSGSEND = YES;
				GCC_C_LANGUAGE_STANDARD = gnu99;
				GCC_NO_COMMON_BLOCKS = YES;
				GCC_WARN_64_TO_32_BIT_CONVERSION = YES;
				GCC_WARN_ABOUT_RETURN_TYPE = YES_ERROR;
				GCC_WARN_UNDECLARED_SELECTOR = YES;
				GCC_WARN_UNINITIALIZED_AUTOS = YES_AGGRESSIVE;
				GCC_WARN_UNUSED_FUNCTION = YES;
				GCC_WARN_UNUSED_VARIABLE = YES;
				IPHONEOS_DEPLOYMENT_TARGET = 9.0;
				MTL_ENABLE_DEBUG_INFO = NO;
				SDKROOT = iphoneos;
				TARGETED_DEVICE_FAMILY = "1,2";
				VALIDATE_PRODUCT = YES;
			};
			name = Release;
		};
		C48921771BBDFA6F00314D6C /* Debug */ = {
			isa = XCBuildConfiguration;
			buildSettings = {
				ASSETCATALOG_COMPILER_APPICON_NAME = AppIcon;
				INFOPLIST_FILE = TipCalculator/Info.plist;
				LD_RUNPATH_SEARCH_PATHS = "$(inherited) @executable_path/Frameworks";
				PRODUCT_BUNDLE_IDENTIFIER = michaelphines.TipCalculator;
				PRODUCT_NAME = "$(TARGET_NAME)";
			};
			name = Debug;
		};
		C48921781BBDFA6F00314D6C /* Release */ = {
			isa = XCBuildConfiguration;
			buildSettings = {
				ASSETCATALOG_COMPILER_APPICON_NAME = AppIcon;
				INFOPLIST_FILE = TipCalculator/Info.plist;
				LD_RUNPATH_SEARCH_PATHS = "$(inherited) @executable_path/Frameworks";
				PRODUCT_BUNDLE_IDENTIFIER = michaelphines.TipCalculator;
				PRODUCT_NAME = "$(TARGET_NAME)";
			};
			name = Release;
		};
/* End XCBuildConfiguration section */

/* Begin XCConfigurationList section */
		C489215A1BBDFA6E00314D6C /* Build configuration list for PBXProject "TipCalculator" */ = {
			isa = XCConfigurationList;
			buildConfigurations = (
				C48921741BBDFA6F00314D6C /* Debug */,
				C48921751BBDFA6F00314D6C /* Release */,
			);
			defaultConfigurationIsVisible = 0;
			defaultConfigurationName = Release;
		};
		C48921761BBDFA6F00314D6C /* Build configuration list for PBXNativeTarget "TipCalculator" */ = {
			isa = XCConfigurationList;
			buildConfigurations = (
				C48921771BBDFA6F00314D6C /* Debug */,
				C48921781BBDFA6F00314D6C /* Release */,
			);
			defaultConfigurationIsVisible = 0;
		};
/* End XCConfigurationList section */
	};
	rootObject = C48921571BBDFA6E00314D6C /* Project object */;
}
